Microsoft Visual Studio Solution File, Format Version 12.00
# Visual Studio 15
VisualStudioVersion = 15.0.27004.2005
MinimumVisualStudioVersion = 10.0.40219.1
Project("{2150E333-8FDC-42A3-9474-1A3956D46DE8}") = "src", "src", "{C615F553-0955-4034-808C-FDEE6825A069}"
EndProject
Project("{9A19103F-16F7-4668-BE54-9A1E7A4F7556}") = "Prototype.Grains", "src\Prototype.Grains\Prototype.Grains.csproj", "{6DB65B53-B2A3-4D70-AEBA-9D6040409FDA}"
EndProject
Project("{9A19103F-16F7-4668-BE54-9A1E7A4F7556}") = "Prototype.Interfaces", "src\Prototype.Interfaces\Prototype.Interfaces.csproj", "{1FE86A93-D047-45AA-8B8B-C1F933BBE0F2}"
EndProject
Project("{9A19103F-16F7-4668-BE54-9A1E7A4F7556}") = "SiloHost", "src\SiloHost\SiloHost.csproj", "{4A9C78B2-7679-43F4-8103-E537F30825CE}"
EndProject
Project("{9A19103F-16F7-4668-BE54-9A1E7A4F7556}") = "TestClient", "src\TestClient\TestClient.csproj", "{76BF5C1B-2277-4C0F-8266-4618A10F062E}"
EndProject
Global
	GlobalSection(SolutionConfigurationPlatforms) = preSolution
		Debug|Any CPU = Debug|Any CPU
		Debug|x64 = Debug|x64
		Debug|x86 = Debug|x86
		Release|Any CPU = Release|Any CPU
		Release|x64 = Release|x64
		Release|x86 = Release|x86
	EndGlobalSection
	GlobalSection(ProjectConfigurationPlatforms) = postSolution
		{6DB65B53-B2A3-4D70-AEBA-9D6040409FDA}.Debug|Any CPU.ActiveCfg = Debug|Any CPU
		{6DB65B53-B2A3-4D70-AEBA-9D6040409FDA}.Debug|Any CPU.Build.0 = Debug|Any CPU
		{6DB65B53-B2A3-4D70-AEBA-9D6040409FDA}.Debug|x64.ActiveCfg = Debug|Any CPU
		{6DB65B53-B2A3-4D70-AEBA-9D6040409FDA}.Debug|x64.Build.0 = Debug|Any CPU
		{6DB65B53-B2A3-4D70-AEBA-9D6040409FDA}.Debug|x86.ActiveCfg = Debug|Any CPU
		{6DB65B53-B2A3-4D70-AEBA-9D6040409FDA}.Debug|x86.Build.0 = Debug|Any CPU
		{6DB65B53-B2A3-4D70-AEBA-9D6040409FDA}.Release|Any CPU.ActiveCfg = Release|Any CPU
		{6DB65B53-B2A3-4D70-AEBA-9D6040409FDA}.Release|Any CPU.Build.0 = Release|Any CPU
		{6DB65B53-B2A3-4D70-AEBA-9D6040409FDA}.Release|x64.ActiveCfg = Release|Any CPU
		{6DB65B53-B2A3-4D70-AEBA-9D6040409FDA}.Release|x64.Build.0 = Release|Any CPU
		{6DB65B53-B2A3-4D70-AEBA-9D6040409FDA}.Release|x86.ActiveCfg = Release|Any CPU
		{6DB65B53-B2A3-4D70-AEBA-9D6040409FDA}.Release|x86.Build.0 = Release|Any CPU
		{1FE86A93-D047-45AA-8B8B-C1F933BBE0F2}.Debug|Any CPU.ActiveCfg = Debug|Any CPU
		{1FE86A93-D047-45AA-8B8B-C1F933BBE0F2}.Debug|Any CPU.Build.0 = Debug|Any CPU
		{1FE86A93-D047-45AA-8B8B-C1F933BBE0F2}.Debug|x64.ActiveCfg = Debug|Any CPU
		{1FE86A93-D047-45AA-8B8B-C1F933BBE0F2}.Debug|x64.Build.0 = Debug|Any CPU
		{1FE86A93-D047-45AA-8B8B-C1F933BBE0F2}.Debug|x86.ActiveCfg = Debug|Any CPU
		{1FE86A93-D047-45AA-8B8B-C1F933BBE0F2}.Debug|x86.Build.0 = Debug|Any CPU
		{1FE86A93-D047-45AA-8B8B-C1F933BBE0F2}.Release|Any CPU.ActiveCfg = Release|Any CPU
		{1FE86A93-D047-45AA-8B8B-C1F933BBE0F2}.Release|Any CPU.Build.0 = Release|Any CPU
		{1FE86A93-D047-45AA-8B8B-C1F933BBE0F2}.Release|x64.ActiveCfg = Release|Any CPU
		{1FE86A93-D047-45AA-8B8B-C1F933BBE0F2}.Release|x64.Build.0 = Release|Any CPU
		{1FE86A93-D047-45AA-8B8B-C1F933BBE0F2}.Release|x86.ActiveCfg = Release|Any CPU
		{1FE86A93-D047-45AA-8B8B-C1F933BBE0F2}.Release|x86.Build.0 = Release|Any CPU
		{4A9C78B2-7679-43F4-8103-E537F30825CE}.Debug|Any CPU.ActiveCfg = Debug|Any CPU
		{4A9C78B2-7679-43F4-8103-E537F30825CE}.Debug|Any CPU.Build.0 = Debug|Any CPU
		{4A9C78B2-7679-43F4-8103-E537F30825CE}.Debug|x64.ActiveCfg = Debug|Any CPU
		{4A9C78B2-7679-43F4-8103-E537F30825CE}.Debug|x64.Build.0 = Debug|Any CPU
		{4A9C78B2-7679-43F4-8103-E537F30825CE}.Debug|x86.ActiveCfg = Debug|Any CPU
		{4A9C78B2-7679-43F4-8103-E537F30825CE}.Debug|x86.Build.0 = Debug|Any CPU
		{4A9C78B2-7679-43F4-8103-E537F30825CE}.Release|Any CPU.ActiveCfg = Release|Any CPU
		{4A9C78B2-7679-43F4-8103-E537F30825CE}.Release|Any CPU.Build.0 = Release|Any CPU
		{4A9C78B2-7679-43F4-8103-E537F30825CE}.Release|x64.ActiveCfg = Release|Any CPU
		{4A9C78B2-7679-43F4-8103-E537F30825CE}.Release|x64.Build.0 = Release|Any CPU
		{4A9C78B2-7679-43F4-8103-E537F30825CE}.Release|x86.ActiveCfg = Release|Any CPU
		{4A9C78B2-7679-43F4-8103-E537F30825CE}.Release|x86.Build.0 = Release|Any CPU
		{76BF5C1B-2277-4C0F-8266-4618A10F062E}.Debug|Any CPU.ActiveCfg = Debug|Any CPU
		{76BF5C1B-2277-4C0F-8266-4618A10F062E}.Debug|Any CPU.Build.0 = Debug|Any CPU
		{76BF5C1B-2277-4C0F-8266-4618A10F062E}.Debug|x64.ActiveCfg = Debug|Any CPU
		{76BF5C1B-2277-4C0F-8266-4618A10F062E}.Debug|x64.Build.0 = Debug|Any CPU
		{76BF5C1B-2277-4C0F-8266-4618A10F062E}.Debug|x86.ActiveCfg = Debug|Any CPU
		{76BF5C1B-2277-4C0F-8266-4618A10F062E}.Debug|x86.Build.0 = Debug|Any CPU
		{76BF5C1B-2277-4C0F-8266-4618A10F062E}.Release|Any CPU.ActiveCfg = Release|Any CPU
		{76BF5C1B-2277-4C0F-8266-4618A10F062E}.Release|Any CPU.Build.0 = Release|Any CPU
		{76BF5C1B-2277-4C0F-8266-4618A10F062E}.Release|x64.ActiveCfg = Release|Any CPU
		{76BF5C1B-2277-4C0F-8266-4618A10F062E}.Release|x64.Build.0 = Release|Any CPU
		{76BF5C1B-2277-4C0F-8266-4618A10F062E}.Release|x86.ActiveCfg = Release|Any CPU
		{76BF5C1B-2277-4C0F-8266-4618A10F062E}.Release|x86.Build.0 = Release|Any CPU
	EndGlobalSection
	GlobalSection(SolutionProperties) = preSolution
		HideSolutionNode = FALSE
	EndGlobalSection
	GlobalSection(NestedProjects) = preSolution
		{6DB65B53-B2A3-4D70-AEBA-9D6040409FDA} = {C615F553-0955-4034-808C-FDEE6825A069}
		{1FE86A93-D047-45AA-8B8B-C1F933BBE0F2} = {C615F553-0955-4034-808C-FDEE6825A069}
		{4A9C78B2-7679-43F4-8103-E537F30825CE} = {C615F553-0955-4034-808C-FDEE6825A069}
		{76BF5C1B-2277-4C0F-8266-4618A10F062E} = {C615F553-0955-4034-808C-FDEE6825A069}
	EndGlobalSection
	GlobalSection(ExtensibilityGlobals) = postSolution
		SolutionGuid = {A0CD7C33-C64B-4E91-8877-ED25F7B4DFFC}
	EndGlobalSection
EndGlobal
