
Microsoft Visual Studio Solution File, Format Version 12.00
# Visual Studio 14
VisualStudioVersion = 14.0.25420.1
MinimumVisualStudioVersion = 10.0.40219.1
Project("{2150E333-8FDC-42A3-9474-1A3956D46DE8}") = "src", "src", "{C615F553-0955-4034-808C-FDEE6825A069}"
EndProject
Project("{2150E333-8FDC-42A3-9474-1A3956D46DE8}") = "Solution Items", "Solution Items", "{45EFAE9F-8405-41A4-B4E1-F49757D90B1F}"
	ProjectSection(SolutionItems) = preProject
		global.json = global.json
	EndProjectSection
EndProject
Project("{8BB2217D-0F2D-49D1-97BC-3654ED321F3B}") = "Prototype.Interfaces", "src\Prototype.Interfaces\Prototype.Interfaces.xproj", "{0C43AE3E-4382-48C3-8E87-A02637FBAC47}"
EndProject
Project("{8BB2217D-0F2D-49D1-97BC-3654ED321F3B}") = "Prototype.Grains", "src\Prototype.Grains\Prototype.Grains.xproj", "{737E9ADC-574C-4710-97D1-F1862F8EA67C}"
EndProject
Project("{8BB2217D-0F2D-49D1-97BC-3654ED321F3B}") = "TestClient", "src\TestClient\TestClient.xproj", "{29E59C49-A276-4755-9807-499A688A64B1}"
EndProject
Project("{8BB2217D-0F2D-49D1-97BC-3654ED321F3B}") = "SiloHost", "src\SiloHost\SiloHost.xproj", "{B12E6A41-5E73-4A3D-ABCF-596A1FDE08A1}"
EndProject
Global
	GlobalSection(SolutionConfigurationPlatforms) = preSolution
		Debug|Any CPU = Debug|Any CPU
		Release|Any CPU = Release|Any CPU
	EndGlobalSection
	GlobalSection(ProjectConfigurationPlatforms) = postSolution
		{0C43AE3E-4382-48C3-8E87-A02637FBAC47}.Debug|Any CPU.ActiveCfg = Debug|Any CPU
		{0C43AE3E-4382-48C3-8E87-A02637FBAC47}.Debug|Any CPU.Build.0 = Debug|Any CPU
		{0C43AE3E-4382-48C3-8E87-A02637FBAC47}.Release|Any CPU.ActiveCfg = Release|Any CPU
		{0C43AE3E-4382-48C3-8E87-A02637FBAC47}.Release|Any CPU.Build.0 = Release|Any CPU
		{737E9ADC-574C-4710-97D1-F1862F8EA67C}.Debug|Any CPU.ActiveCfg = Debug|Any CPU
		{737E9ADC-574C-4710-97D1-F1862F8EA67C}.Debug|Any CPU.Build.0 = Debug|Any CPU
		{737E9ADC-574C-4710-97D1-F1862F8EA67C}.Release|Any CPU.ActiveCfg = Release|Any CPU
		{737E9ADC-574C-4710-97D1-F1862F8EA67C}.Release|Any CPU.Build.0 = Release|Any CPU
		{29E59C49-A276-4755-9807-499A688A64B1}.Debug|Any CPU.ActiveCfg = Debug|Any CPU
		{29E59C49-A276-4755-9807-499A688A64B1}.Debug|Any CPU.Build.0 = Debug|Any CPU
		{29E59C49-A276-4755-9807-499A688A64B1}.Release|Any CPU.ActiveCfg = Release|Any CPU
		{29E59C49-A276-4755-9807-499A688A64B1}.Release|Any CPU.Build.0 = Release|Any CPU
		{B12E6A41-5E73-4A3D-ABCF-596A1FDE08A1}.Debug|Any CPU.ActiveCfg = Debug|Any CPU
		{B12E6A41-5E73-4A3D-ABCF-596A1FDE08A1}.Debug|Any CPU.Build.0 = Debug|Any CPU
		{B12E6A41-5E73-4A3D-ABCF-596A1FDE08A1}.Release|Any CPU.ActiveCfg = Release|Any CPU
		{B12E6A41-5E73-4A3D-ABCF-596A1FDE08A1}.Release|Any CPU.Build.0 = Release|Any CPU
	EndGlobalSection
	GlobalSection(SolutionProperties) = preSolution
		HideSolutionNode = FALSE
	EndGlobalSection
	GlobalSection(NestedProjects) = preSolution
		{0C43AE3E-4382-48C3-8E87-A02637FBAC47} = {C615F553-0955-4034-808C-FDEE6825A069}
		{737E9ADC-574C-4710-97D1-F1862F8EA67C} = {C615F553-0955-4034-808C-FDEE6825A069}
		{29E59C49-A276-4755-9807-499A688A64B1} = {C615F553-0955-4034-808C-FDEE6825A069}
		{B12E6A41-5E73-4A3D-ABCF-596A1FDE08A1} = {C615F553-0955-4034-808C-FDEE6825A069}
	EndGlobalSection
EndGlobal
